
Microsoft Visual Studio Solution File, Format Version 12.00
# Visual Studio Version 17
VisualStudioVersion = 17.0.31903.59
MinimumVisualStudioVersion = 10.0.40219.1
Project("{FAE04EC0-301F-11D3-BF4B-00C04F79EFBC}") = "API", "API\API.csproj", "{86BFDD6C-E92D-4E97-8B59-D7FAE42176C2}"
EndProject
Project("{FAE04EC0-301F-11D3-BF4B-00C04F79EFBC}") = "Application", "Application\Application.csproj", "{DB35F603-8B97-4052-B865-61EA906A0609}"
EndProject
Project("{FAE04EC0-301F-11D3-BF4B-00C04F79EFBC}") = "Domain", "Domain\Domain.csproj", "{3F3C011F-C343-47F3-8A2E-39DF519A04A7}"
EndProject
Project("{FAE04EC0-301F-11D3-BF4B-00C04F79EFBC}") = "Persistence", "Persistence\Persistence.csproj", "{EA15C38C-3A39-4608-A779-E40599AA0FAE}"
EndProject
Global
	GlobalSection(SolutionConfigurationPlatforms) = preSolution
		Debug|Any CPU = Debug|Any CPU
		Release|Any CPU = Release|Any CPU
	EndGlobalSection
	GlobalSection(SolutionProperties) = preSolution
		HideSolutionNode = FALSE
	EndGlobalSection
	GlobalSection(ProjectConfigurationPlatforms) = postSolution
		{86BFDD6C-E92D-4E97-8B59-D7FAE42176C2}.Debug|Any CPU.ActiveCfg = Debug|Any CPU
		{86BFDD6C-E92D-4E97-8B59-D7FAE42176C2}.Debug|Any CPU.Build.0 = Debug|Any CPU
		{86BFDD6C-E92D-4E97-8B59-D7FAE42176C2}.Release|Any CPU.ActiveCfg = Release|Any CPU
		{86BFDD6C-E92D-4E97-8B59-D7FAE42176C2}.Release|Any CPU.Build.0 = Release|Any CPU
		{DB35F603-8B97-4052-B865-61EA906A0609}.Debug|Any CPU.ActiveCfg = Debug|Any CPU
		{DB35F603-8B97-4052-B865-61EA906A0609}.Debug|Any CPU.Build.0 = Debug|Any CPU
		{DB35F603-8B97-4052-B865-61EA906A0609}.Release|Any CPU.ActiveCfg = Release|Any CPU
		{DB35F603-8B97-4052-B865-61EA906A0609}.Release|Any CPU.Build.0 = Release|Any CPU
		{3F3C011F-C343-47F3-8A2E-39DF519A04A7}.Debug|Any CPU.ActiveCfg = Debug|Any CPU
		{3F3C011F-C343-47F3-8A2E-39DF519A04A7}.Debug|Any CPU.Build.0 = Debug|Any CPU
		{3F3C011F-C343-47F3-8A2E-39DF519A04A7}.Release|Any CPU.ActiveCfg = Release|Any CPU
		{3F3C011F-C343-47F3-8A2E-39DF519A04A7}.Release|Any CPU.Build.0 = Release|Any CPU
		{EA15C38C-3A39-4608-A779-E40599AA0FAE}.Debug|Any CPU.ActiveCfg = Debug|Any CPU
		{EA15C38C-3A39-4608-A779-E40599AA0FAE}.Debug|Any CPU.Build.0 = Debug|Any CPU
		{EA15C38C-3A39-4608-A779-E40599AA0FAE}.Release|Any CPU.ActiveCfg = Release|Any CPU
		{EA15C38C-3A39-4608-A779-E40599AA0FAE}.Release|Any CPU.Build.0 = Release|Any CPU
	EndGlobalSection
EndGlobal
